
Microsoft Visual Studio Solution File, Format Version 12.00
# Visual Studio Version 16
VisualStudioVersion = 16.0.30611.23
MinimumVisualStudioVersion = 10.0.40219.1
Project("{FAE04EC0-301F-11D3-BF4B-00C04F79EFBC}") = "PulsacionesAPI", "PulsacionesAPI\PulsacionesAPI.csproj", "{4168A4E0-848D-4B8E-9D3D-3D986160DE29}"
EndProject
Global
	GlobalSection(SolutionConfigurationPlatforms) = preSolution
		Debug|Any CPU = Debug|Any CPU
		Release|Any CPU = Release|Any CPU
	EndGlobalSection
	GlobalSection(ProjectConfigurationPlatforms) = postSolution
		{4168A4E0-848D-4B8E-9D3D-3D986160DE29}.Debug|Any CPU.ActiveCfg = Debug|Any CPU
		{4168A4E0-848D-4B8E-9D3D-3D986160DE29}.Debug|Any CPU.Build.0 = Debug|Any CPU
		{4168A4E0-848D-4B8E-9D3D-3D986160DE29}.Release|Any CPU.ActiveCfg = Release|Any CPU
		{4168A4E0-848D-4B8E-9D3D-3D986160DE29}.Release|Any CPU.Build.0 = Release|Any CPU
	EndGlobalSection
	GlobalSection(SolutionProperties) = preSolution
		HideSolutionNode = FALSE
	EndGlobalSection
	GlobalSection(ExtensibilityGlobals) = postSolution
		SolutionGuid = {94382D15-51D6-4A2E-A620-107788935F17}
	EndGlobalSection
EndGlobal
